
Microsoft Visual Studio Solution File, Format Version 12.00
# Visual Studio Version 16
VisualStudioVersion = 16.0.31129.286
MinimumVisualStudioVersion = 10.0.40219.1
Project("{9A19103F-16F7-4668-BE54-9A1E7A4F7556}") = "Client", "Client\Client.csproj", "{A9638EAF-1F00-49BA-87DD-FD6E75EBB95E}"
EndProject
Project("{9A19103F-16F7-4668-BE54-9A1E7A4F7556}") = "Server", "Server\Server.csproj", "{08E8A24C-D12C-4E16-8836-E6E989E90679}"
EndProject
Global
	GlobalSection(SolutionConfigurationPlatforms) = preSolution
		Debug|Any CPU = Debug|Any CPU
		Release|Any CPU = Release|Any CPU
	EndGlobalSection
	GlobalSection(ProjectConfigurationPlatforms) = postSolution
		{A9638EAF-1F00-49BA-87DD-FD6E75EBB95E}.Debug|Any CPU.ActiveCfg = Debug|Any CPU
		{A9638EAF-1F00-49BA-87DD-FD6E75EBB95E}.Debug|Any CPU.Build.0 = Debug|Any CPU
		{A9638EAF-1F00-49BA-87DD-FD6E75EBB95E}.Release|Any CPU.ActiveCfg = Release|Any CPU
		{A9638EAF-1F00-49BA-87DD-FD6E75EBB95E}.Release|Any CPU.Build.0 = Release|Any CPU
		{08E8A24C-D12C-4E16-8836-E6E989E90679}.Debug|Any CPU.ActiveCfg = Debug|Any CPU
		{08E8A24C-D12C-4E16-8836-E6E989E90679}.Debug|Any CPU.Build.0 = Debug|Any CPU
		{08E8A24C-D12C-4E16-8836-E6E989E90679}.Release|Any CPU.ActiveCfg = Release|Any CPU
		{08E8A24C-D12C-4E16-8836-E6E989E90679}.Release|Any CPU.Build.0 = Release|Any CPU
	EndGlobalSection
	GlobalSection(SolutionProperties) = preSolution
		HideSolutionNode = FALSE
	EndGlobalSection
	GlobalSection(ExtensibilityGlobals) = postSolution
		SolutionGuid = {570526E1-FA1F-4A62-9C78-3CBF0D553473}
	EndGlobalSection
EndGlobal
