
Microsoft Visual Studio Solution File, Format Version 12.00
# Visual Studio Version 16
VisualStudioVersion = 16.0.31005.135
MinimumVisualStudioVersion = 10.0.40219.1
Project("{9A19103F-16F7-4668-BE54-9A1E7A4F7556}") = "Valuator", "Valuator.csproj", "{B3397368-4F52-411C-A6E6-0C37AE8DC334}"
EndProject
Project("{9A19103F-16F7-4668-BE54-9A1E7A4F7556}") = "RankCalculator", "..\RankCalculator\RankCalculator.csproj", "{9D589899-F651-474C-80E2-E025F9123E09}"
EndProject
Project("{FAE04EC0-301F-11D3-BF4B-00C04F79EFBC}") = "EventsLogger", "..\EventsLogger\EventsLogger.csproj", "{01DD19B8-3FB9-4D5F-AE23-3D91ED14446D}"
EndProject
Global
	GlobalSection(SolutionConfigurationPlatforms) = preSolution
		Debug|Any CPU = Debug|Any CPU
		Release|Any CPU = Release|Any CPU
	EndGlobalSection
	GlobalSection(ProjectConfigurationPlatforms) = postSolution
		{B3397368-4F52-411C-A6E6-0C37AE8DC334}.Debug|Any CPU.ActiveCfg = Debug|Any CPU
		{B3397368-4F52-411C-A6E6-0C37AE8DC334}.Debug|Any CPU.Build.0 = Debug|Any CPU
		{B3397368-4F52-411C-A6E6-0C37AE8DC334}.Release|Any CPU.ActiveCfg = Release|Any CPU
		{B3397368-4F52-411C-A6E6-0C37AE8DC334}.Release|Any CPU.Build.0 = Release|Any CPU
		{9D589899-F651-474C-80E2-E025F9123E09}.Debug|Any CPU.ActiveCfg = Debug|Any CPU
		{9D589899-F651-474C-80E2-E025F9123E09}.Debug|Any CPU.Build.0 = Debug|Any CPU
		{9D589899-F651-474C-80E2-E025F9123E09}.Release|Any CPU.ActiveCfg = Release|Any CPU
		{9D589899-F651-474C-80E2-E025F9123E09}.Release|Any CPU.Build.0 = Release|Any CPU
		{01DD19B8-3FB9-4D5F-AE23-3D91ED14446D}.Debug|Any CPU.ActiveCfg = Debug|Any CPU
		{01DD19B8-3FB9-4D5F-AE23-3D91ED14446D}.Debug|Any CPU.Build.0 = Debug|Any CPU
		{01DD19B8-3FB9-4D5F-AE23-3D91ED14446D}.Release|Any CPU.ActiveCfg = Release|Any CPU
		{01DD19B8-3FB9-4D5F-AE23-3D91ED14446D}.Release|Any CPU.Build.0 = Release|Any CPU
	EndGlobalSection
	GlobalSection(SolutionProperties) = preSolution
		HideSolutionNode = FALSE
	EndGlobalSection
	GlobalSection(ExtensibilityGlobals) = postSolution
		SolutionGuid = {A97DF6D9-DE12-41BF-AA17-B9E5C144287E}
	EndGlobalSection
EndGlobal
